
Microsoft Visual Studio Solution File, Format Version 12.00
# Visual Studio Version 16
VisualStudioVersion = 16.6.30114.105
MinimumVisualStudioVersion = 10.0.40219.1
Project("{2150E333-8FDC-42A3-9474-1A3956D46DE8}") = "src", "src", "{0700F830-2562-41AD-A623-33FABEF3AB7B}"
EndProject
Project("{9A19103F-16F7-4668-BE54-9A1E7A4F7556}") = "HostConfViz", "src\HostConfViz\HostConfViz.csproj", "{2DADDAE8-4807-480C-8DC6-5EAB2F524E81}"
EndProject
Project("{2150E333-8FDC-42A3-9474-1A3956D46DE8}") = "samples", "samples", "{B79D756E-AA90-48EE-8985-71A8EAD66D8A}"
EndProject
Project("{FAE04EC0-301F-11D3-BF4B-00C04F79EFBC}") = "HostConfViz.Sample.GenericHost", "samples\HostConfViz.Sample.GenericHost\HostConfViz.Sample.GenericHost.csproj", "{86C61282-8235-4A43-B543-FD2C7E7674C8}"
EndProject
Project("{FAE04EC0-301F-11D3-BF4B-00C04F79EFBC}") = "HostConfViz.Sample.Simple", "samples\HostConfViz.Sample.Simple\HostConfViz.Sample.Simple.csproj", "{D02BF03B-64EF-489A-A1F3-C11967A7DE17}"
EndProject
Global
	GlobalSection(SolutionConfigurationPlatforms) = preSolution
		Debug|Any CPU = Debug|Any CPU
		Debug|x64 = Debug|x64
		Debug|x86 = Debug|x86
		Release|Any CPU = Release|Any CPU
		Release|x64 = Release|x64
		Release|x86 = Release|x86
	EndGlobalSection
	GlobalSection(ProjectConfigurationPlatforms) = postSolution
		{2DADDAE8-4807-480C-8DC6-5EAB2F524E81}.Debug|Any CPU.ActiveCfg = Debug|Any CPU
		{2DADDAE8-4807-480C-8DC6-5EAB2F524E81}.Debug|Any CPU.Build.0 = Debug|Any CPU
		{2DADDAE8-4807-480C-8DC6-5EAB2F524E81}.Debug|x64.ActiveCfg = Debug|Any CPU
		{2DADDAE8-4807-480C-8DC6-5EAB2F524E81}.Debug|x64.Build.0 = Debug|Any CPU
		{2DADDAE8-4807-480C-8DC6-5EAB2F524E81}.Debug|x86.ActiveCfg = Debug|Any CPU
		{2DADDAE8-4807-480C-8DC6-5EAB2F524E81}.Debug|x86.Build.0 = Debug|Any CPU
		{2DADDAE8-4807-480C-8DC6-5EAB2F524E81}.Release|Any CPU.ActiveCfg = Release|Any CPU
		{2DADDAE8-4807-480C-8DC6-5EAB2F524E81}.Release|Any CPU.Build.0 = Release|Any CPU
		{2DADDAE8-4807-480C-8DC6-5EAB2F524E81}.Release|x64.ActiveCfg = Release|Any CPU
		{2DADDAE8-4807-480C-8DC6-5EAB2F524E81}.Release|x64.Build.0 = Release|Any CPU
		{2DADDAE8-4807-480C-8DC6-5EAB2F524E81}.Release|x86.ActiveCfg = Release|Any CPU
		{2DADDAE8-4807-480C-8DC6-5EAB2F524E81}.Release|x86.Build.0 = Release|Any CPU
		{86C61282-8235-4A43-B543-FD2C7E7674C8}.Debug|Any CPU.ActiveCfg = Debug|Any CPU
		{86C61282-8235-4A43-B543-FD2C7E7674C8}.Debug|Any CPU.Build.0 = Debug|Any CPU
		{86C61282-8235-4A43-B543-FD2C7E7674C8}.Debug|x64.ActiveCfg = Debug|Any CPU
		{86C61282-8235-4A43-B543-FD2C7E7674C8}.Debug|x64.Build.0 = Debug|Any CPU
		{86C61282-8235-4A43-B543-FD2C7E7674C8}.Debug|x86.ActiveCfg = Debug|Any CPU
		{86C61282-8235-4A43-B543-FD2C7E7674C8}.Debug|x86.Build.0 = Debug|Any CPU
		{86C61282-8235-4A43-B543-FD2C7E7674C8}.Release|Any CPU.ActiveCfg = Release|Any CPU
		{86C61282-8235-4A43-B543-FD2C7E7674C8}.Release|Any CPU.Build.0 = Release|Any CPU
		{86C61282-8235-4A43-B543-FD2C7E7674C8}.Release|x64.ActiveCfg = Release|Any CPU
		{86C61282-8235-4A43-B543-FD2C7E7674C8}.Release|x64.Build.0 = Release|Any CPU
		{86C61282-8235-4A43-B543-FD2C7E7674C8}.Release|x86.ActiveCfg = Release|Any CPU
		{86C61282-8235-4A43-B543-FD2C7E7674C8}.Release|x86.Build.0 = Release|Any CPU
		{D02BF03B-64EF-489A-A1F3-C11967A7DE17}.Debug|Any CPU.ActiveCfg = Debug|Any CPU
		{D02BF03B-64EF-489A-A1F3-C11967A7DE17}.Debug|Any CPU.Build.0 = Debug|Any CPU
		{D02BF03B-64EF-489A-A1F3-C11967A7DE17}.Debug|x64.ActiveCfg = Debug|Any CPU
		{D02BF03B-64EF-489A-A1F3-C11967A7DE17}.Debug|x64.Build.0 = Debug|Any CPU
		{D02BF03B-64EF-489A-A1F3-C11967A7DE17}.Debug|x86.ActiveCfg = Debug|Any CPU
		{D02BF03B-64EF-489A-A1F3-C11967A7DE17}.Debug|x86.Build.0 = Debug|Any CPU
		{D02BF03B-64EF-489A-A1F3-C11967A7DE17}.Release|Any CPU.ActiveCfg = Release|Any CPU
		{D02BF03B-64EF-489A-A1F3-C11967A7DE17}.Release|Any CPU.Build.0 = Release|Any CPU
		{D02BF03B-64EF-489A-A1F3-C11967A7DE17}.Release|x64.ActiveCfg = Release|Any CPU
		{D02BF03B-64EF-489A-A1F3-C11967A7DE17}.Release|x64.Build.0 = Release|Any CPU
		{D02BF03B-64EF-489A-A1F3-C11967A7DE17}.Release|x86.ActiveCfg = Release|Any CPU
		{D02BF03B-64EF-489A-A1F3-C11967A7DE17}.Release|x86.Build.0 = Release|Any CPU
	EndGlobalSection
	GlobalSection(SolutionProperties) = preSolution
		HideSolutionNode = FALSE
	EndGlobalSection
	GlobalSection(NestedProjects) = preSolution
		{2DADDAE8-4807-480C-8DC6-5EAB2F524E81} = {0700F830-2562-41AD-A623-33FABEF3AB7B}
		{86C61282-8235-4A43-B543-FD2C7E7674C8} = {B79D756E-AA90-48EE-8985-71A8EAD66D8A}
		{D02BF03B-64EF-489A-A1F3-C11967A7DE17} = {B79D756E-AA90-48EE-8985-71A8EAD66D8A}
	EndGlobalSection
	GlobalSection(ExtensibilityGlobals) = postSolution
		SolutionGuid = {462820F0-F2D7-40E9-85A7-CF422A0E7296}
	EndGlobalSection
EndGlobal
